// !$*UTF8*$!
{
	archiveVersion = 1;
	classes = {
	};
	objectVersion = 50;
	objects = {

/* Begin PBXBuildFile section */
		AB9726532525197100E00D8C /* AppDelegate.m in Sources */ = {isa = PBXBuildFile; fileRef = AB9726522525197100E00D8C /* AppDelegate.m */; };
		AB9726562525197100E00D8C /* SceneDelegate.m in Sources */ = {isa = PBXBuildFile; fileRef = AB9726552525197100E00D8C /* SceneDelegate.m */; };
		AB97265C2525197100E00D8C /* Main.storyboard in Resources */ = {isa = PBXBuildFile; fileRef = AB97265A2525197100E00D8C /* Main.storyboard */; };
		AB97265E2525197900E00D8C /* Assets.xcassets in Resources */ = {isa = PBXBuildFile; fileRef = AB97265D2525197900E00D8C /* Assets.xcassets */; };
		AB9726612525197900E00D8C /* LaunchScreen.storyboard in Resources */ = {isa = PBXBuildFile; fileRef = AB97265F2525197900E00D8C /* LaunchScreen.storyboard */; };
		AB9726642525197900E00D8C /* main.m in Sources */ = {isa = PBXBuildFile; fileRef = AB9726632525197900E00D8C /* main.m */; };
/* End PBXBuildFile section */

/* Begin PBXFileReference section */
		AB97264E2525197100E00D8C /* AirQualityOBJC.app */ = {isa = PBXFileReference; explicitFileType = wrapper.application; includeInIndex = 0; path = AirQualityOBJC.app; sourceTree = BUILT_PRODUCTS_DIR; };
		AB9726512525197100E00D8C /* AppDelegate.h */ = {isa = PBXFileReference; lastKnownFileType = sourcecode.c.h; path = AppDelegate.h; sourceTree = "<group>"; };
		AB9726522525197100E00D8C /* AppDelegate.m */ = {isa = PBXFileReference; lastKnownFileType = sourcecode.c.objc; path = AppDelegate.m; sourceTree = "<group>"; };
		AB9726542525197100E00D8C /* SceneDelegate.h */ = {isa = PBXFileReference; lastKnownFileType = sourcecode.c.h; path = SceneDelegate.h; sourceTree = "<group>"; };
		AB9726552525197100E00D8C /* SceneDelegate.m */ = {isa = PBXFileReference; lastKnownFileType = sourcecode.c.objc; path = SceneDelegate.m; sourceTree = "<group>"; };
		AB97265B2525197100E00D8C /* Base */ = {isa = PBXFileReference; lastKnownFileType = file.storyboard; name = Base; path = Base.lproj/Main.storyboard; sourceTree = "<group>"; };
		AB97265D2525197900E00D8C /* Assets.xcassets */ = {isa = PBXFileReference; lastKnownFileType = folder.assetcatalog; path = Assets.xcassets; sourceTree = "<group>"; };
		AB9726602525197900E00D8C /* Base */ = {isa = PBXFileReference; lastKnownFileType = file.storyboard; name = Base; path = Base.lproj/LaunchScreen.storyboard; sourceTree = "<group>"; };
		AB9726622525197900E00D8C /* Info.plist */ = {isa = PBXFileReference; lastKnownFileType = text.plist.xml; path = Info.plist; sourceTree = "<group>"; };
		AB9726632525197900E00D8C /* main.m */ = {isa = PBXFileReference; lastKnownFileType = sourcecode.c.objc; path = main.m; sourceTree = "<group>"; };
/* End PBXFileReference section */

/* Begin PBXFrameworksBuildPhase section */
		AB97264B2525197000E00D8C /* Frameworks */ = {
			isa = PBXFrameworksBuildPhase;
			buildActionMask = 2147483647;
			files = (
			);
			runOnlyForDeploymentPostprocessing = 0;
		};
/* End PBXFrameworksBuildPhase section */

/* Begin PBXGroup section */
		AB9726452525197000E00D8C = {
			isa = PBXGroup;
			children = (
				AB9726502525197100E00D8C /* AirQualityOBJC */,
				AB97264F2525197100E00D8C /* Products */,
			);
			sourceTree = "<group>";
		};
		AB97264F2525197100E00D8C /* Products */ = {
			isa = PBXGroup;
			children = (
				AB97264E2525197100E00D8C /* AirQualityOBJC.app */,
			);
			name = Products;
			sourceTree = "<group>";
		};
		AB9726502525197100E00D8C /* AirQualityOBJC */ = {
			isa = PBXGroup;
			children = (
				AB97266B2525198C00E00D8C /* Resources */,
				AB97265A2525197100E00D8C /* Main.storyboard */,
			);
			path = AirQualityOBJC;
			sourceTree = "<group>";
		};
		AB97266B2525198C00E00D8C /* Resources */ = {
			isa = PBXGroup;
			children = (
				AB9726512525197100E00D8C /* AppDelegate.h */,
				AB9726522525197100E00D8C /* AppDelegate.m */,
				AB9726542525197100E00D8C /* SceneDelegate.h */,
				AB9726552525197100E00D8C /* SceneDelegate.m */,
				AB97265D2525197900E00D8C /* Assets.xcassets */,
				AB97265F2525197900E00D8C /* LaunchScreen.storyboard */,
				AB9726622525197900E00D8C /* Info.plist */,
				AB9726632525197900E00D8C /* main.m */,
			);
			path = Resources;
			sourceTree = "<group>";
		};
/* End PBXGroup section */

/* Begin PBXNativeTarget section */
		AB97264D2525197000E00D8C /* AirQualityOBJC */ = {
			isa = PBXNativeTarget;
			buildConfigurationList = AB9726672525197900E00D8C /* Build configuration list for PBXNativeTarget "AirQualityOBJC" */;
			buildPhases = (
				AB97264A2525197000E00D8C /* Sources */,
				AB97264B2525197000E00D8C /* Frameworks */,
				AB97264C2525197000E00D8C /* Resources */,
			);
			buildRules = (
			);
			dependencies = (
			);
			name = AirQualityOBJC;
			productName = AirQualityOBJC;
			productReference = AB97264E2525197100E00D8C /* AirQualityOBJC.app */;
			productType = "com.apple.product-type.application";
		};
/* End PBXNativeTarget section */

/* Begin PBXProject section */
		AB9726462525197000E00D8C /* Project object */ = {
			isa = PBXProject;
			attributes = {
				CLASSPREFIX = TJB;
				LastUpgradeCheck = 1200;
				TargetAttributes = {
					AB97264D2525197000E00D8C = {
						CreatedOnToolsVersion = 12.0;
					};
				};
			};
			buildConfigurationList = AB9726492525197000E00D8C /* Build configuration list for PBXProject "AirQualityOBJC" */;
			compatibilityVersion = "Xcode 9.3";
			developmentRegion = en;
			hasScannedForEncodings = 0;
			knownRegions = (
				en,
				Base,
			);
			mainGroup = AB9726452525197000E00D8C;
			productRefGroup = AB97264F2525197100E00D8C /* Products */;
			projectDirPath = "";
			projectRoot = "";
			targets = (
				AB97264D2525197000E00D8C /* AirQualityOBJC */,
			);
		};
/* End PBXProject section */

/* Begin PBXResourcesBuildPhase section */
		AB97264C2525197000E00D8C /* Resources */ = {
			isa = PBXResourcesBuildPhase;
			buildActionMask = 2147483647;
			files = (
				AB9726612525197900E00D8C /* LaunchScreen.storyboard in Resources */,
				AB97265E2525197900E00D8C /* Assets.xcassets in Resources */,
				AB97265C2525197100E00D8C /* Main.storyboard in Resources */,
			);
			runOnlyForDeploymentPostprocessing = 0;
		};
/* End PBXResourcesBuildPhase section */

/* Begin PBXSourcesBuildPhase section */
		AB97264A2525197000E00D8C /* Sources */ = {
			isa = PBXSourcesBuildPhase;
			buildActionMask = 2147483647;
			files = (
				AB9726532525197100E00D8C /* AppDelegate.m in Sources */,
				AB9726642525197900E00D8C /* main.m in Sources */,
				AB9726562525197100E00D8C /* SceneDelegate.m in Sources */,
			);
			runOnlyForDeploymentPostprocessing = 0;
		};
/* End PBXSourcesBuildPhase section */

/* Begin PBXVariantGroup section */
		AB97265A2525197100E00D8C /* Main.storyboard */ = {
			isa = PBXVariantGroup;
			children = (
				AB97265B2525197100E00D8C /* Base */,
			);
			name = Main.storyboard;
			sourceTree = "<group>";
		};
		AB97265F2525197900E00D8C /* LaunchScreen.storyboard */ = {
			isa = PBXVariantGroup;
			children = (
				AB9726602525197900E00D8C /* Base */,
			);
			name = LaunchScreen.storyboard;
			sourceTree = "<group>";
		};
/* End PBXVariantGroup section */

/* Begin XCBuildConfiguration section */
		AB9726652525197900E00D8C /* Debug */ = {
			isa = XCBuildConfiguration;
			buildSettings = {
				ALWAYS_SEARCH_USER_PATHS = NO;
				CLANG_ANALYZER_NONNULL = YES;
				CLANG_ANALYZER_NUMBER_OBJECT_CONVERSION = YES_AGGRESSIVE;
				CLANG_CXX_LANGUAGE_STANDARD = "gnu++14";
				CLANG_CXX_LIBRARY = "libc++";
				CLANG_ENABLE_MODULES = YES;
				CLANG_ENABLE_OBJC_ARC = YES;
				CLANG_ENABLE_OBJC_WEAK = YES;
				CLANG_WARN_BLOCK_CAPTURE_AUTORELEASING = YES;
				CLANG_WARN_BOOL_CONVERSION = YES;
				CLANG_WARN_COMMA = YES;
				CLANG_WARN_CONSTANT_CONVERSION = YES;
				CLANG_WARN_DEPRECATED_OBJC_IMPLEMENTATIONS = YES;
				CLANG_WARN_DIRECT_OBJC_ISA_USAGE = YES_ERROR;
				CLANG_WARN_DOCUMENTATION_COMMENTS = YES;
				CLANG_WARN_EMPTY_BODY = YES;
				CLANG_WARN_ENUM_CONVERSION = YES;
				CLANG_WARN_INFINITE_RECURSION = YES;
				CLANG_WARN_INT_CONVERSION = YES;
				CLANG_WARN_NON_LITERAL_NULL_CONVERSION = YES;
				CLANG_WARN_OBJC_IMPLICIT_RETAIN_SELF = YES;
				CLANG_WARN_OBJC_LITERAL_CONVERSION = YES;
				CLANG_WARN_OBJC_ROOT_CLASS = YES_ERROR;
				CLANG_WARN_QUOTED_INCLUDE_IN_FRAMEWORK_HEADER = YES;
				CLANG_WARN_RANGE_LOOP_ANALYSIS = YES;
				CLANG_WARN_STRICT_PROTOTYPES = YES;
				CLANG_WARN_SUSPICIOUS_MOVE = YES;
				CLANG_WARN_UNGUARDED_AVAILABILITY = YES_AGGRESSIVE;
				CLANG_WARN_UNREACHABLE_CODE = YES;
				CLANG_WARN__DUPLICATE_METHOD_MATCH = YES;
				COPY_PHASE_STRIP = NO;
				DEBUG_INFORMATION_FORMAT = dwarf;
				ENABLE_STRICT_OBJC_MSGSEND = YES;
				ENABLE_TESTABILITY = YES;
				GCC_C_LANGUAGE_STANDARD = gnu11;
				GCC_DYNAMIC_NO_PIC = NO;
				GCC_NO_COMMON_BLOCKS = YES;
				GCC_OPTIMIZATION_LEVEL = 0;
				GCC_PREPROCESSOR_DEFINITIONS = (
					"DEBUG=1",
					"$(inherited)",
				);
				GCC_WARN_64_TO_32_BIT_CONVERSION = YES;
				GCC_WARN_ABOUT_RETURN_TYPE = YES_ERROR;
				GCC_WARN_UNDECLARED_SELECTOR = YES;
				GCC_WARN_UNINITIALIZED_AUTOS = YES_AGGRESSIVE;
				GCC_WARN_UNUSED_FUNCTION = YES;
				GCC_WARN_UNUSED_VARIABLE = YES;
				IPHONEOS_DEPLOYMENT_TARGET = 14.0;
				MTL_ENABLE_DEBUG_INFO = INCLUDE_SOURCE;
				MTL_FAST_MATH = YES;
				ONLY_ACTIVE_ARCH = YES;
				SDKROOT = iphoneos;
			};
			name = Debug;
		};
		AB9726662525197900E00D8C /* Release */ = {
			isa = XCBuildConfiguration;
			buildSettings = {
				ALWAYS_SEARCH_USER_PATHS = NO;
				CLANG_ANALYZER_NONNULL = YES;
				CLANG_ANALYZER_NUMBER_OBJECT_CONVERSION = YES_AGGRESSIVE;
				CLANG_CXX_LANGUAGE_STANDARD = "gnu++14";
				CLANG_CXX_LIBRARY = "libc++";
				CLANG_ENABLE_MODULES = YES;
				CLANG_ENABLE_OBJC_ARC = YES;
				CLANG_ENABLE_OBJC_WEAK = YES;
				CLANG_WARN_BLOCK_CAPTURE_AUTORELEASING = YES;
				CLANG_WARN_BOOL_CONVERSION = YES;
				CLANG_WARN_COMMA = YES;
				CLANG_WARN_CONSTANT_CONVERSION = YES;
				CLANG_WARN_DEPRECATED_OBJC_IMPLEMENTATIONS = YES;
				CLANG_WARN_DIRECT_OBJC_ISA_USAGE = YES_ERROR;
				CLANG_WARN_DOCUMENTATION_COMMENTS = YES;
				CLANG_WARN_EMPTY_BODY = YES;
				CLANG_WARN_ENUM_CONVERSION = YES;
				CLANG_WARN_INFINITE_RECURSION = YES;
				CLANG_WARN_INT_CONVERSION = YES;
				CLANG_WARN_NON_LITERAL_NULL_CONVERSION = YES;
				CLANG_WARN_OBJC_IMPLICIT_RETAIN_SELF = YES;
				CLANG_WARN_OBJC_LITERAL_CONVERSION = YES;
				CLANG_WARN_OBJC_ROOT_CLASS = YES_ERROR;
				CLANG_WARN_QUOTED_INCLUDE_IN_FRAMEWORK_HEADER = YES;
				CLANG_WARN_RANGE_LOOP_ANALYSIS = YES;
				CLANG_WARN_STRICT_PROTOTYPES = YES;
				CLANG_WARN_SUSPICIOUS_MOVE = YES;
				CLANG_WARN_UNGUARDED_AVAILABILITY = YES_AGGRESSIVE;
				CLANG_WARN_UNREACHABLE_CODE = YES;
				CLANG_WARN__DUPLICATE_METHOD_MATCH = YES;
				COPY_PHASE_STRIP = NO;
				DEBUG_INFORMATION_FORMAT = "dwarf-with-dsym";
				ENABLE_NS_ASSERTIONS = NO;
				ENABLE_STRICT_OBJC_MSGSEND = YES;
				GCC_C_LANGUAGE_STANDARD = gnu11;
				GCC_NO_COMMON_BLOCKS = YES;
				GCC_WARN_64_TO_32_BIT_CONVERSION = YES;
				GCC_WARN_ABOUT_RETURN_TYPE = YES_ERROR;
				GCC_WARN_UNDECLARED_SELECTOR = YES;
				GCC_WARN_UNINITIALIZED_AUTOS = YES_AGGRESSIVE;
				GCC_WARN_UNUSED_FUNCTION = YES;
				GCC_WARN_UNUSED_VARIABLE = YES;
				IPHONEOS_DEPLOYMENT_TARGET = 14.0;
				MTL_ENABLE_DEBUG_INFO = NO;
				MTL_FAST_MATH = YES;
				SDKROOT = iphoneos;
				VALIDATE_PRODUCT = YES;
			};
			name = Release;
		};
		AB9726682525197900E00D8C /* Debug */ = {
			isa = XCBuildConfiguration;
			buildSettings = {
				ASSETCATALOG_COMPILER_APPICON_NAME = AppIcon;
				ASSETCATALOG_COMPILER_GLOBAL_ACCENT_COLOR_NAME = AccentColor;
				CODE_SIGN_STYLE = Automatic;
				DEVELOPMENT_TEAM = HB59AGWRUY;
				INFOPLIST_FILE = AirQualityOBJC/Resources/Info.plist;
				LD_RUNPATH_SEARCH_PATHS = (
					"$(inherited)",
					"@executable_path/Frameworks",
				);
				PRODUCT_BUNDLE_IDENTIFIER = com.TrevorBursach.AirQualityOBJC;
				PRODUCT_NAME = "$(TARGET_NAME)";
				TARGETED_DEVICE_FAMILY = "1,2";
			};
			name = Debug;
		};
		AB9726692525197900E00D8C /* Release */ = {
			isa = XCBuildConfiguration;
			buildSettings = {
				ASSETCATALOG_COMPILER_APPICON_NAME = AppIcon;
				ASSETCATALOG_COMPILER_GLOBAL_ACCENT_COLOR_NAME = AccentColor;
				CODE_SIGN_STYLE = Automatic;
				DEVELOPMENT_TEAM = HB59AGWRUY;
				INFOPLIST_FILE = AirQualityOBJC/Resources/Info.plist;
				LD_RUNPATH_SEARCH_PATHS = (
					"$(inherited)",
					"@executable_path/Frameworks",
				);
				PRODUCT_BUNDLE_IDENTIFIER = com.TrevorBursach.AirQualityOBJC;
				PRODUCT_NAME = "$(TARGET_NAME)";
				TARGETED_DEVICE_FAMILY = "1,2";
			};
			name = Release;
		};
/* End XCBuildConfiguration section */

/* Begin XCConfigurationList section */
		AB9726492525197000E00D8C /* Build configuration list for PBXProject "AirQualityOBJC" */ = {
			isa = XCConfigurationList;
			buildConfigurations = (
				AB9726652525197900E00D8C /* Debug */,
				AB9726662525197900E00D8C /* Release */,
			);
			defaultConfigurationIsVisible = 0;
			defaultConfigurationName = Release;
		};
		AB9726672525197900E00D8C /* Build configuration list for PBXNativeTarget "AirQualityOBJC" */ = {
			isa = XCConfigurationList;
			buildConfigurations = (
				AB9726682525197900E00D8C /* Debug */,
				AB9726692525197900E00D8C /* Release */,
			);
			defaultConfigurationIsVisible = 0;
			defaultConfigurationName = Release;
		};
/* End XCConfigurationList section */
	};
	rootObject = AB9726462525197000E00D8C /* Project object */;
}
